
Microsoft Visual Studio Solution File, Format Version 12.00
# Visual Studio 14
VisualStudioVersion = 14.0.25420.1
MinimumVisualStudioVersion = 10.0.40219.1
Project("{FAE04EC0-301F-11D3-BF4B-00C04F79EFBC}") = "CamoItTest", "CamoItTest\CamoItTest.csproj", "{FF8F76F5-8569-4E4A-BFFC-695486AF779C}"
EndProject
Project("{FAE04EC0-301F-11D3-BF4B-00C04F79EFBC}") = "DynamicDatabase", "DynamicDatabase\DynamicDatabase.csproj", "{6D1BA9A4-F5E4-4AE5-A5F5-0C7465B7219B}"
EndProject
Project("{FAE04EC0-301F-11D3-BF4B-00C04F79EFBC}") = "DynamicDatabase.Tests", "DynamicDatabase.Tests\DynamicDatabase.Tests.csproj", "{BD716F0F-3CD1-4133-A457-695164339F95}"
EndProject
Global
	GlobalSection(SolutionConfigurationPlatforms) = preSolution
		Debug|Any CPU = Debug|Any CPU
		Debug|ARM = Debug|ARM
		Debug|x64 = Debug|x64
		Debug|x86 = Debug|x86
		Release|Any CPU = Release|Any CPU
		Release|ARM = Release|ARM
		Release|x64 = Release|x64
		Release|x86 = Release|x86
	EndGlobalSection
	GlobalSection(ProjectConfigurationPlatforms) = postSolution
		{FF8F76F5-8569-4E4A-BFFC-695486AF779C}.Debug|Any CPU.ActiveCfg = Debug|Any CPU
		{FF8F76F5-8569-4E4A-BFFC-695486AF779C}.Debug|Any CPU.Build.0 = Debug|Any CPU
		{FF8F76F5-8569-4E4A-BFFC-695486AF779C}.Debug|ARM.ActiveCfg = Debug|Any CPU
		{FF8F76F5-8569-4E4A-BFFC-695486AF779C}.Debug|ARM.Build.0 = Debug|Any CPU
		{FF8F76F5-8569-4E4A-BFFC-695486AF779C}.Debug|x64.ActiveCfg = Debug|Any CPU
		{FF8F76F5-8569-4E4A-BFFC-695486AF779C}.Debug|x64.Build.0 = Debug|Any CPU
		{FF8F76F5-8569-4E4A-BFFC-695486AF779C}.Debug|x86.ActiveCfg = Debug|Any CPU
		{FF8F76F5-8569-4E4A-BFFC-695486AF779C}.Debug|x86.Build.0 = Debug|Any CPU
		{FF8F76F5-8569-4E4A-BFFC-695486AF779C}.Release|Any CPU.ActiveCfg = Release|Any CPU
		{FF8F76F5-8569-4E4A-BFFC-695486AF779C}.Release|Any CPU.Build.0 = Release|Any CPU
		{FF8F76F5-8569-4E4A-BFFC-695486AF779C}.Release|ARM.ActiveCfg = Release|Any CPU
		{FF8F76F5-8569-4E4A-BFFC-695486AF779C}.Release|ARM.Build.0 = Release|Any CPU
		{FF8F76F5-8569-4E4A-BFFC-695486AF779C}.Release|x64.ActiveCfg = Release|Any CPU
		{FF8F76F5-8569-4E4A-BFFC-695486AF779C}.Release|x64.Build.0 = Release|Any CPU
		{FF8F76F5-8569-4E4A-BFFC-695486AF779C}.Release|x86.ActiveCfg = Release|Any CPU
		{FF8F76F5-8569-4E4A-BFFC-695486AF779C}.Release|x86.Build.0 = Release|Any CPU
		{6D1BA9A4-F5E4-4AE5-A5F5-0C7465B7219B}.Debug|Any CPU.ActiveCfg = Debug|Any CPU
		{6D1BA9A4-F5E4-4AE5-A5F5-0C7465B7219B}.Debug|Any CPU.Build.0 = Debug|Any CPU
		{6D1BA9A4-F5E4-4AE5-A5F5-0C7465B7219B}.Debug|ARM.ActiveCfg = Debug|Any CPU
		{6D1BA9A4-F5E4-4AE5-A5F5-0C7465B7219B}.Debug|ARM.Build.0 = Debug|Any CPU
		{6D1BA9A4-F5E4-4AE5-A5F5-0C7465B7219B}.Debug|x64.ActiveCfg = Debug|Any CPU
		{6D1BA9A4-F5E4-4AE5-A5F5-0C7465B7219B}.Debug|x64.Build.0 = Debug|Any CPU
		{6D1BA9A4-F5E4-4AE5-A5F5-0C7465B7219B}.Debug|x86.ActiveCfg = Debug|Any CPU
		{6D1BA9A4-F5E4-4AE5-A5F5-0C7465B7219B}.Debug|x86.Build.0 = Debug|Any CPU
		{6D1BA9A4-F5E4-4AE5-A5F5-0C7465B7219B}.Release|Any CPU.ActiveCfg = Release|Any CPU
		{6D1BA9A4-F5E4-4AE5-A5F5-0C7465B7219B}.Release|Any CPU.Build.0 = Release|Any CPU
		{6D1BA9A4-F5E4-4AE5-A5F5-0C7465B7219B}.Release|ARM.ActiveCfg = Release|Any CPU
		{6D1BA9A4-F5E4-4AE5-A5F5-0C7465B7219B}.Release|ARM.Build.0 = Release|Any CPU
		{6D1BA9A4-F5E4-4AE5-A5F5-0C7465B7219B}.Release|x64.ActiveCfg = Release|Any CPU
		{6D1BA9A4-F5E4-4AE5-A5F5-0C7465B7219B}.Release|x64.Build.0 = Release|Any CPU
		{6D1BA9A4-F5E4-4AE5-A5F5-0C7465B7219B}.Release|x86.ActiveCfg = Release|Any CPU
		{6D1BA9A4-F5E4-4AE5-A5F5-0C7465B7219B}.Release|x86.Build.0 = Release|Any CPU
		{BD716F0F-3CD1-4133-A457-695164339F95}.Debug|Any CPU.ActiveCfg = Debug|Any CPU
		{BD716F0F-3CD1-4133-A457-695164339F95}.Debug|Any CPU.Build.0 = Debug|Any CPU
		{BD716F0F-3CD1-4133-A457-695164339F95}.Debug|ARM.ActiveCfg = Debug|Any CPU
		{BD716F0F-3CD1-4133-A457-695164339F95}.Debug|ARM.Build.0 = Debug|Any CPU
		{BD716F0F-3CD1-4133-A457-695164339F95}.Debug|x64.ActiveCfg = Debug|Any CPU
		{BD716F0F-3CD1-4133-A457-695164339F95}.Debug|x64.Build.0 = Debug|Any CPU
		{BD716F0F-3CD1-4133-A457-695164339F95}.Debug|x86.ActiveCfg = Debug|Any CPU
		{BD716F0F-3CD1-4133-A457-695164339F95}.Debug|x86.Build.0 = Debug|Any CPU
		{BD716F0F-3CD1-4133-A457-695164339F95}.Release|Any CPU.ActiveCfg = Release|Any CPU
		{BD716F0F-3CD1-4133-A457-695164339F95}.Release|Any CPU.Build.0 = Release|Any CPU
		{BD716F0F-3CD1-4133-A457-695164339F95}.Release|ARM.ActiveCfg = Release|Any CPU
		{BD716F0F-3CD1-4133-A457-695164339F95}.Release|ARM.Build.0 = Release|Any CPU
		{BD716F0F-3CD1-4133-A457-695164339F95}.Release|x64.ActiveCfg = Release|Any CPU
		{BD716F0F-3CD1-4133-A457-695164339F95}.Release|x64.Build.0 = Release|Any CPU
		{BD716F0F-3CD1-4133-A457-695164339F95}.Release|x86.ActiveCfg = Release|Any CPU
		{BD716F0F-3CD1-4133-A457-695164339F95}.Release|x86.Build.0 = Release|Any CPU
	EndGlobalSection
	GlobalSection(SolutionProperties) = preSolution
		HideSolutionNode = FALSE
	EndGlobalSection
EndGlobal
